# This file is autogenerated, do not edit; changes may be undone by the next 'dep ensure'.


[[projects]]
  branch = "master"
  name = "github.com/AndreasBriese/bbloom"
  packages = ["."]
  revision = "28f7e881ca57bc00e028f9ede9f0d9104cfeef5e"

[[projects]]
  name = "github.com/dgraph-io/badger"
  packages = [".","options","protos","skl","table","y"]
  revision = "c7225883aa76fb3dd4707923c67c64bc1b4631bc"
  version = "v1.1.0"

[[projects]]
  branch = "master"
  name = "github.com/dgryski/go-farm"
  packages = ["."]
  revision = "b4d3a9839087b496f1a78747197ced08a8e069c0"

[[projects]]
  branch = "master"
  name = "github.com/dilyevsky/httplru"
  packages = ["cache"]
  revision = "3a43dc426cbbfa64cfeccc29683a9e8f40105b90"

[[projects]]
  branch = "master"
  name = "github.com/golang/glog"
  packages = ["."]
  revision = "23def4e6c14b4da8ac2ed8007337bc5eb5007998"

[[projects]]
  branch = "master"
  name = "github.com/golang/protobuf"
  packages = ["proto"]
  revision = "1e59b77b52bf8e4b449a57e6f79f21226d571845"

[[projects]]
  name = "github.com/gorilla/rpc"
  packages = [".","json"]
  revision = "22c016f3df3febe0c1f6727598b6389507e03a18"
  version = "v1.1.0"

[[projects]]
  name = "github.com/pkg/errors"
  packages = ["."]
  revision = "645ef00459ed84a119197bfb8d8205042c6df63d"
  version = "v0.8.0"

[[projects]]
  branch = "master"
  name = "golang.org/x/net"
  packages = ["context","internal/timeseries","trace"]
  revision = "a337091b0525af65de94df2eb7e98bd9962dcbe2"

[[projects]]
  branch = "master"
  name = "golang.org/x/sys"
  packages = ["unix"]
  revision = "bf42f188b9bc6f2cf5b8ee5a912ef1aedd0eba4c"

[solve-meta]
  analyzer-name = "dep"
  analyzer-version = 1
  inputs-digest = "662eda36957af83cbd613e23650163d1f0c57146fadb271cefd23c9454cbff75"
  solver-name = "gps-cdcl"
  solver-version = 1
